
Microsoft Visual Studio Solution File, Format Version 12.00
# Visual Studio Version 16
VisualStudioVersion = 16.0.29215.179
MinimumVisualStudioVersion = 10.0.40219.1
Project("{888888A0-9F3D-457C-B088-3A5042F75D52}") = "MatrixClass", "MatrixClass\MatrixClass.pyproj", "{48347FDD-0E85-4024-836E-2E79FB6E165B}"
EndProject
Global
	GlobalSection(SolutionConfigurationPlatforms) = preSolution
		Debug|Any CPU = Debug|Any CPU
		Release|Any CPU = Release|Any CPU
	EndGlobalSection
	GlobalSection(ProjectConfigurationPlatforms) = postSolution
		{48347FDD-0E85-4024-836E-2E79FB6E165B}.Debug|Any CPU.ActiveCfg = Debug|Any CPU
		{48347FDD-0E85-4024-836E-2E79FB6E165B}.Release|Any CPU.ActiveCfg = Release|Any CPU
	EndGlobalSection
	GlobalSection(SolutionProperties) = preSolution
		HideSolutionNode = FALSE
	EndGlobalSection
	GlobalSection(ExtensibilityGlobals) = postSolution
		SolutionGuid = {66C6D204-EAE1-45BD-843D-26BC98CD4720}
	EndGlobalSection
EndGlobal
